
Microsoft Visual Studio Solution File, Format Version 12.00
# Visual Studio 15
VisualStudioVersion = 15.0.28307.136
MinimumVisualStudioVersion = 10.0.40219.1
Project("{2150E333-8FDC-42A3-9474-1A3956D46DE8}") = "01-Presentation", "01-Presentation", "{B991CCD8-29D6-4C38-9939-38917600769C}"
EndProject
Project("{2150E333-8FDC-42A3-9474-1A3956D46DE8}") = "02-Aplication", "02-Aplication", "{163397CA-8E1A-464D-9CFC-BC82D8312DF6}"
EndProject
Project("{2150E333-8FDC-42A3-9474-1A3956D46DE8}") = "03-Service", "03-Service", "{CCF811ED-9E5B-4330-BA1B-A24F12FA435F}"
EndProject
Project("{2150E333-8FDC-42A3-9474-1A3956D46DE8}") = "04-Domain", "04-Domain", "{5BAD27EB-72AE-48B8-A7F5-3CD312F0F386}"
EndProject
Project("{2150E333-8FDC-42A3-9474-1A3956D46DE8}") = "05-Infrastructure", "05-Infrastructure", "{461F9D3C-BDA6-406C-8560-2339882CEB46}"
EndProject
Project("{2150E333-8FDC-42A3-9474-1A3956D46DE8}") = "Web", "Web", "{A44B43CD-8998-4ACB-8C07-1597407F52CD}"
EndProject
Project("{2150E333-8FDC-42A3-9474-1A3956D46DE8}") = "Mobile", "Mobile", "{DFE0471D-417B-421A-8CAE-EB8F4C756397}"
EndProject
Project("{2150E333-8FDC-42A3-9474-1A3956D46DE8}") = "Desktop", "Desktop", "{47BD35DB-1AC2-4283-B172-C99E7F524A52}"
EndProject
Project("{FAE04EC0-301F-11D3-BF4B-00C04F79EFBC}") = "OnymousXamarin.Android", "OnymousXamarin\OnymousXamarin.Android\OnymousXamarin.Android.csproj", "{13A6B265-8E03-43AC-A8E0-CC33A4B3B5A4}"
EndProject
Project("{FAE04EC0-301F-11D3-BF4B-00C04F79EFBC}") = "OnymousXamarin.iOS", "OnymousXamarin\OnymousXamarin.iOS\OnymousXamarin.iOS.csproj", "{7D33B97B-8D10-40C2-983D-2670EB2DD868}"
EndProject
Project("{FAE04EC0-301F-11D3-BF4B-00C04F79EFBC}") = "OnymousXamarin.UWP", "OnymousXamarin\OnymousXamarin.UWP\OnymousXamarin.UWP.csproj", "{13CDCA61-3B2F-4ECC-8DEF-2F8D01EE1F85}"
EndProject
Project("{9A19103F-16F7-4668-BE54-9A1E7A4F7556}") = "OnymousXamarin", "OnymousXamarin\OnymousXamarin\OnymousXamarin.csproj", "{0F15B0DB-84EE-441F-AC14-64843563B94D}"
EndProject
Global
	GlobalSection(SolutionConfigurationPlatforms) = preSolution
		Ad-Hoc|Any CPU = Ad-Hoc|Any CPU
		Ad-Hoc|ARM = Ad-Hoc|ARM
		Ad-Hoc|iPhone = Ad-Hoc|iPhone
		Ad-Hoc|iPhoneSimulator = Ad-Hoc|iPhoneSimulator
		Ad-Hoc|x64 = Ad-Hoc|x64
		Ad-Hoc|x86 = Ad-Hoc|x86
		AppStore|Any CPU = AppStore|Any CPU
		AppStore|ARM = AppStore|ARM
		AppStore|iPhone = AppStore|iPhone
		AppStore|iPhoneSimulator = AppStore|iPhoneSimulator
		AppStore|x64 = AppStore|x64
		AppStore|x86 = AppStore|x86
		Debug|Any CPU = Debug|Any CPU
		Debug|ARM = Debug|ARM
		Debug|iPhone = Debug|iPhone
		Debug|iPhoneSimulator = Debug|iPhoneSimulator
		Debug|x64 = Debug|x64
		Debug|x86 = Debug|x86
		Release|Any CPU = Release|Any CPU
		Release|ARM = Release|ARM
		Release|iPhone = Release|iPhone
		Release|iPhoneSimulator = Release|iPhoneSimulator
		Release|x64 = Release|x64
		Release|x86 = Release|x86
	EndGlobalSection
	GlobalSection(ProjectConfigurationPlatforms) = postSolution
		{13A6B265-8E03-43AC-A8E0-CC33A4B3B5A4}.Ad-Hoc|Any CPU.ActiveCfg = Release|Any CPU
		{13A6B265-8E03-43AC-A8E0-CC33A4B3B5A4}.Ad-Hoc|Any CPU.Build.0 = Release|Any CPU
		{13A6B265-8E03-43AC-A8E0-CC33A4B3B5A4}.Ad-Hoc|Any CPU.Deploy.0 = Release|Any CPU
		{13A6B265-8E03-43AC-A8E0-CC33A4B3B5A4}.Ad-Hoc|ARM.ActiveCfg = Release|Any CPU
		{13A6B265-8E03-43AC-A8E0-CC33A4B3B5A4}.Ad-Hoc|ARM.Build.0 = Release|Any CPU
		{13A6B265-8E03-43AC-A8E0-CC33A4B3B5A4}.Ad-Hoc|ARM.Deploy.0 = Release|Any CPU
		{13A6B265-8E03-43AC-A8E0-CC33A4B3B5A4}.Ad-Hoc|iPhone.ActiveCfg = Release|Any CPU
		{13A6B265-8E03-43AC-A8E0-CC33A4B3B5A4}.Ad-Hoc|iPhone.Build.0 = Release|Any CPU
		{13A6B265-8E03-43AC-A8E0-CC33A4B3B5A4}.Ad-Hoc|iPhone.Deploy.0 = Release|Any CPU
		{13A6B265-8E03-43AC-A8E0-CC33A4B3B5A4}.Ad-Hoc|iPhoneSimulator.ActiveCfg = Release|Any CPU
		{13A6B265-8E03-43AC-A8E0-CC33A4B3B5A4}.Ad-Hoc|iPhoneSimulator.Build.0 = Release|Any CPU
		{13A6B265-8E03-43AC-A8E0-CC33A4B3B5A4}.Ad-Hoc|iPhoneSimulator.Deploy.0 = Release|Any CPU
		{13A6B265-8E03-43AC-A8E0-CC33A4B3B5A4}.Ad-Hoc|x64.ActiveCfg = Release|Any CPU
		{13A6B265-8E03-43AC-A8E0-CC33A4B3B5A4}.Ad-Hoc|x64.Build.0 = Release|Any CPU
		{13A6B265-8E03-43AC-A8E0-CC33A4B3B5A4}.Ad-Hoc|x64.Deploy.0 = Release|Any CPU
		{13A6B265-8E03-43AC-A8E0-CC33A4B3B5A4}.Ad-Hoc|x86.ActiveCfg = Release|Any CPU
		{13A6B265-8E03-43AC-A8E0-CC33A4B3B5A4}.Ad-Hoc|x86.Build.0 = Release|Any CPU
		{13A6B265-8E03-43AC-A8E0-CC33A4B3B5A4}.Ad-Hoc|x86.Deploy.0 = Release|Any CPU
		{13A6B265-8E03-43AC-A8E0-CC33A4B3B5A4}.AppStore|Any CPU.ActiveCfg = Release|Any CPU
		{13A6B265-8E03-43AC-A8E0-CC33A4B3B5A4}.AppStore|Any CPU.Build.0 = Release|Any CPU
		{13A6B265-8E03-43AC-A8E0-CC33A4B3B5A4}.AppStore|Any CPU.Deploy.0 = Release|Any CPU
		{13A6B265-8E03-43AC-A8E0-CC33A4B3B5A4}.AppStore|ARM.ActiveCfg = Release|Any CPU
		{13A6B265-8E03-43AC-A8E0-CC33A4B3B5A4}.AppStore|ARM.Build.0 = Release|Any CPU
		{13A6B265-8E03-43AC-A8E0-CC33A4B3B5A4}.AppStore|ARM.Deploy.0 = Release|Any CPU
		{13A6B265-8E03-43AC-A8E0-CC33A4B3B5A4}.AppStore|iPhone.ActiveCfg = Release|Any CPU
		{13A6B265-8E03-43AC-A8E0-CC33A4B3B5A4}.AppStore|iPhone.Build.0 = Release|Any CPU
		{13A6B265-8E03-43AC-A8E0-CC33A4B3B5A4}.AppStore|iPhone.Deploy.0 = Release|Any CPU
		{13A6B265-8E03-43AC-A8E0-CC33A4B3B5A4}.AppStore|iPhoneSimulator.ActiveCfg = Release|Any CPU
		{13A6B265-8E03-43AC-A8E0-CC33A4B3B5A4}.AppStore|iPhoneSimulator.Build.0 = Release|Any CPU
		{13A6B265-8E03-43AC-A8E0-CC33A4B3B5A4}.AppStore|iPhoneSimulator.Deploy.0 = Release|Any CPU
		{13A6B265-8E03-43AC-A8E0-CC33A4B3B5A4}.AppStore|x64.ActiveCfg = Release|Any CPU
		{13A6B265-8E03-43AC-A8E0-CC33A4B3B5A4}.AppStore|x64.Build.0 = Release|Any CPU
		{13A6B265-8E03-43AC-A8E0-CC33A4B3B5A4}.AppStore|x64.Deploy.0 = Release|Any CPU
		{13A6B265-8E03-43AC-A8E0-CC33A4B3B5A4}.AppStore|x86.ActiveCfg = Release|Any CPU
		{13A6B265-8E03-43AC-A8E0-CC33A4B3B5A4}.AppStore|x86.Build.0 = Release|Any CPU
		{13A6B265-8E03-43AC-A8E0-CC33A4B3B5A4}.AppStore|x86.Deploy.0 = Release|Any CPU
		{13A6B265-8E03-43AC-A8E0-CC33A4B3B5A4}.Debug|Any CPU.ActiveCfg = Debug|Any CPU
		{13A6B265-8E03-43AC-A8E0-CC33A4B3B5A4}.Debug|Any CPU.Build.0 = Debug|Any CPU
		{13A6B265-8E03-43AC-A8E0-CC33A4B3B5A4}.Debug|Any CPU.Deploy.0 = Debug|Any CPU
		{13A6B265-8E03-43AC-A8E0-CC33A4B3B5A4}.Debug|ARM.ActiveCfg = Debug|Any CPU
		{13A6B265-8E03-43AC-A8E0-CC33A4B3B5A4}.Debug|ARM.Build.0 = Debug|Any CPU
		{13A6B265-8E03-43AC-A8E0-CC33A4B3B5A4}.Debug|ARM.Deploy.0 = Debug|Any CPU
		{13A6B265-8E03-43AC-A8E0-CC33A4B3B5A4}.Debug|iPhone.ActiveCfg = Debug|Any CPU
		{13A6B265-8E03-43AC-A8E0-CC33A4B3B5A4}.Debug|iPhone.Build.0 = Debug|Any CPU
		{13A6B265-8E03-43AC-A8E0-CC33A4B3B5A4}.Debug|iPhone.Deploy.0 = Debug|Any CPU
		{13A6B265-8E03-43AC-A8E0-CC33A4B3B5A4}.Debug|iPhoneSimulator.ActiveCfg = Debug|Any CPU
		{13A6B265-8E03-43AC-A8E0-CC33A4B3B5A4}.Debug|iPhoneSimulator.Build.0 = Debug|Any CPU
		{13A6B265-8E03-43AC-A8E0-CC33A4B3B5A4}.Debug|iPhoneSimulator.Deploy.0 = Debug|Any CPU
		{13A6B265-8E03-43AC-A8E0-CC33A4B3B5A4}.Debug|x64.ActiveCfg = Debug|Any CPU
		{13A6B265-8E03-43AC-A8E0-CC33A4B3B5A4}.Debug|x64.Build.0 = Debug|Any CPU
		{13A6B265-8E03-43AC-A8E0-CC33A4B3B5A4}.Debug|x64.Deploy.0 = Debug|Any CPU
		{13A6B265-8E03-43AC-A8E0-CC33A4B3B5A4}.Debug|x86.ActiveCfg = Debug|Any CPU
		{13A6B265-8E03-43AC-A8E0-CC33A4B3B5A4}.Debug|x86.Build.0 = Debug|Any CPU
		{13A6B265-8E03-43AC-A8E0-CC33A4B3B5A4}.Debug|x86.Deploy.0 = Debug|Any CPU
		{13A6B265-8E03-43AC-A8E0-CC33A4B3B5A4}.Release|Any CPU.ActiveCfg = Release|Any CPU
		{13A6B265-8E03-43AC-A8E0-CC33A4B3B5A4}.Release|Any CPU.Build.0 = Release|Any CPU
		{13A6B265-8E03-43AC-A8E0-CC33A4B3B5A4}.Release|Any CPU.Deploy.0 = Release|Any CPU
		{13A6B265-8E03-43AC-A8E0-CC33A4B3B5A4}.Release|ARM.ActiveCfg = Release|Any CPU
		{13A6B265-8E03-43AC-A8E0-CC33A4B3B5A4}.Release|ARM.Build.0 = Release|Any CPU
		{13A6B265-8E03-43AC-A8E0-CC33A4B3B5A4}.Release|ARM.Deploy.0 = Release|Any CPU
		{13A6B265-8E03-43AC-A8E0-CC33A4B3B5A4}.Release|iPhone.ActiveCfg = Release|Any CPU
		{13A6B265-8E03-43AC-A8E0-CC33A4B3B5A4}.Release|iPhone.Build.0 = Release|Any CPU
		{13A6B265-8E03-43AC-A8E0-CC33A4B3B5A4}.Release|iPhone.Deploy.0 = Release|Any CPU
		{13A6B265-8E03-43AC-A8E0-CC33A4B3B5A4}.Release|iPhoneSimulator.ActiveCfg = Release|Any CPU
		{13A6B265-8E03-43AC-A8E0-CC33A4B3B5A4}.Release|iPhoneSimulator.Build.0 = Release|Any CPU
		{13A6B265-8E03-43AC-A8E0-CC33A4B3B5A4}.Release|iPhoneSimulator.Deploy.0 = Release|Any CPU
		{13A6B265-8E03-43AC-A8E0-CC33A4B3B5A4}.Release|x64.ActiveCfg = Release|Any CPU
		{13A6B265-8E03-43AC-A8E0-CC33A4B3B5A4}.Release|x64.Build.0 = Release|Any CPU
		{13A6B265-8E03-43AC-A8E0-CC33A4B3B5A4}.Release|x64.Deploy.0 = Release|Any CPU
		{13A6B265-8E03-43AC-A8E0-CC33A4B3B5A4}.Release|x86.ActiveCfg = Release|Any CPU
		{13A6B265-8E03-43AC-A8E0-CC33A4B3B5A4}.Release|x86.Build.0 = Release|Any CPU
		{13A6B265-8E03-43AC-A8E0-CC33A4B3B5A4}.Release|x86.Deploy.0 = Release|Any CPU
		{7D33B97B-8D10-40C2-983D-2670EB2DD868}.Ad-Hoc|Any CPU.ActiveCfg = Ad-Hoc|iPhone
		{7D33B97B-8D10-40C2-983D-2670EB2DD868}.Ad-Hoc|ARM.ActiveCfg = Ad-Hoc|iPhone
		{7D33B97B-8D10-40C2-983D-2670EB2DD868}.Ad-Hoc|iPhone.ActiveCfg = Ad-Hoc|iPhone
		{7D33B97B-8D10-40C2-983D-2670EB2DD868}.Ad-Hoc|iPhone.Build.0 = Ad-Hoc|iPhone
		{7D33B97B-8D10-40C2-983D-2670EB2DD868}.Ad-Hoc|iPhoneSimulator.ActiveCfg = Ad-Hoc|iPhoneSimulator
		{7D33B97B-8D10-40C2-983D-2670EB2DD868}.Ad-Hoc|iPhoneSimulator.Build.0 = Ad-Hoc|iPhoneSimulator
		{7D33B97B-8D10-40C2-983D-2670EB2DD868}.Ad-Hoc|x64.ActiveCfg = Ad-Hoc|iPhone
		{7D33B97B-8D10-40C2-983D-2670EB2DD868}.Ad-Hoc|x86.ActiveCfg = Ad-Hoc|iPhone
		{7D33B97B-8D10-40C2-983D-2670EB2DD868}.AppStore|Any CPU.ActiveCfg = AppStore|iPhone
		{7D33B97B-8D10-40C2-983D-2670EB2DD868}.AppStore|ARM.ActiveCfg = AppStore|iPhone
		{7D33B97B-8D10-40C2-983D-2670EB2DD868}.AppStore|iPhone.ActiveCfg = AppStore|iPhone
		{7D33B97B-8D10-40C2-983D-2670EB2DD868}.AppStore|iPhone.Build.0 = AppStore|iPhone
		{7D33B97B-8D10-40C2-983D-2670EB2DD868}.AppStore|iPhoneSimulator.ActiveCfg = AppStore|iPhoneSimulator
		{7D33B97B-8D10-40C2-983D-2670EB2DD868}.AppStore|iPhoneSimulator.Build.0 = AppStore|iPhoneSimulator
		{7D33B97B-8D10-40C2-983D-2670EB2DD868}.AppStore|x64.ActiveCfg = AppStore|iPhone
		{7D33B97B-8D10-40C2-983D-2670EB2DD868}.AppStore|x86.ActiveCfg = AppStore|iPhone
		{7D33B97B-8D10-40C2-983D-2670EB2DD868}.Debug|Any CPU.ActiveCfg = Debug|iPhone
		{7D33B97B-8D10-40C2-983D-2670EB2DD868}.Debug|ARM.ActiveCfg = Debug|iPhone
		{7D33B97B-8D10-40C2-983D-2670EB2DD868}.Debug|iPhone.ActiveCfg = Debug|iPhone
		{7D33B97B-8D10-40C2-983D-2670EB2DD868}.Debug|iPhone.Build.0 = Debug|iPhone
		{7D33B97B-8D10-40C2-983D-2670EB2DD868}.Debug|iPhoneSimulator.ActiveCfg = Debug|iPhoneSimulator
		{7D33B97B-8D10-40C2-983D-2670EB2DD868}.Debug|iPhoneSimulator.Build.0 = Debug|iPhoneSimulator
		{7D33B97B-8D10-40C2-983D-2670EB2DD868}.Debug|x64.ActiveCfg = Debug|iPhone
		{7D33B97B-8D10-40C2-983D-2670EB2DD868}.Debug|x86.ActiveCfg = Debug|iPhone
		{7D33B97B-8D10-40C2-983D-2670EB2DD868}.Release|Any CPU.ActiveCfg = Release|iPhone
		{7D33B97B-8D10-40C2-983D-2670EB2DD868}.Release|ARM.ActiveCfg = Release|iPhone
		{7D33B97B-8D10-40C2-983D-2670EB2DD868}.Release|iPhone.ActiveCfg = Release|iPhone
		{7D33B97B-8D10-40C2-983D-2670EB2DD868}.Release|iPhone.Build.0 = Release|iPhone
		{7D33B97B-8D10-40C2-983D-2670EB2DD868}.Release|iPhoneSimulator.ActiveCfg = Release|iPhoneSimulator
		{7D33B97B-8D10-40C2-983D-2670EB2DD868}.Release|iPhoneSimulator.Build.0 = Release|iPhoneSimulator
		{7D33B97B-8D10-40C2-983D-2670EB2DD868}.Release|x64.ActiveCfg = Release|iPhone
		{7D33B97B-8D10-40C2-983D-2670EB2DD868}.Release|x86.ActiveCfg = Release|iPhone
		{13CDCA61-3B2F-4ECC-8DEF-2F8D01EE1F85}.Ad-Hoc|Any CPU.ActiveCfg = Release|x86
		{13CDCA61-3B2F-4ECC-8DEF-2F8D01EE1F85}.Ad-Hoc|Any CPU.Build.0 = Release|x86
		{13CDCA61-3B2F-4ECC-8DEF-2F8D01EE1F85}.Ad-Hoc|Any CPU.Deploy.0 = Release|x86
		{13CDCA61-3B2F-4ECC-8DEF-2F8D01EE1F85}.Ad-Hoc|ARM.ActiveCfg = Release|ARM
		{13CDCA61-3B2F-4ECC-8DEF-2F8D01EE1F85}.Ad-Hoc|ARM.Build.0 = Release|ARM
		{13CDCA61-3B2F-4ECC-8DEF-2F8D01EE1F85}.Ad-Hoc|ARM.Deploy.0 = Release|ARM
		{13CDCA61-3B2F-4ECC-8DEF-2F8D01EE1F85}.Ad-Hoc|iPhone.ActiveCfg = Release|x86
		{13CDCA61-3B2F-4ECC-8DEF-2F8D01EE1F85}.Ad-Hoc|iPhone.Build.0 = Release|x86
		{13CDCA61-3B2F-4ECC-8DEF-2F8D01EE1F85}.Ad-Hoc|iPhone.Deploy.0 = Release|x86
		{13CDCA61-3B2F-4ECC-8DEF-2F8D01EE1F85}.Ad-Hoc|iPhoneSimulator.ActiveCfg = Release|x86
		{13CDCA61-3B2F-4ECC-8DEF-2F8D01EE1F85}.Ad-Hoc|iPhoneSimulator.Build.0 = Release|x86
		{13CDCA61-3B2F-4ECC-8DEF-2F8D01EE1F85}.Ad-Hoc|iPhoneSimulator.Deploy.0 = Release|x86
		{13CDCA61-3B2F-4ECC-8DEF-2F8D01EE1F85}.Ad-Hoc|x64.ActiveCfg = Release|x64
		{13CDCA61-3B2F-4ECC-8DEF-2F8D01EE1F85}.Ad-Hoc|x64.Build.0 = Release|x64
		{13CDCA61-3B2F-4ECC-8DEF-2F8D01EE1F85}.Ad-Hoc|x64.Deploy.0 = Release|x64
		{13CDCA61-3B2F-4ECC-8DEF-2F8D01EE1F85}.Ad-Hoc|x86.ActiveCfg = Release|x86
		{13CDCA61-3B2F-4ECC-8DEF-2F8D01EE1F85}.Ad-Hoc|x86.Build.0 = Release|x86
		{13CDCA61-3B2F-4ECC-8DEF-2F8D01EE1F85}.Ad-Hoc|x86.Deploy.0 = Release|x86
		{13CDCA61-3B2F-4ECC-8DEF-2F8D01EE1F85}.AppStore|Any CPU.ActiveCfg = Release|x86
		{13CDCA61-3B2F-4ECC-8DEF-2F8D01EE1F85}.AppStore|Any CPU.Build.0 = Release|x86
		{13CDCA61-3B2F-4ECC-8DEF-2F8D01EE1F85}.AppStore|Any CPU.Deploy.0 = Release|x86
		{13CDCA61-3B2F-4ECC-8DEF-2F8D01EE1F85}.AppStore|ARM.ActiveCfg = Release|ARM
		{13CDCA61-3B2F-4ECC-8DEF-2F8D01EE1F85}.AppStore|ARM.Build.0 = Release|ARM
		{13CDCA61-3B2F-4ECC-8DEF-2F8D01EE1F85}.AppStore|ARM.Deploy.0 = Release|ARM
		{13CDCA61-3B2F-4ECC-8DEF-2F8D01EE1F85}.AppStore|iPhone.ActiveCfg = Release|x86
		{13CDCA61-3B2F-4ECC-8DEF-2F8D01EE1F85}.AppStore|iPhone.Build.0 = Release|x86
		{13CDCA61-3B2F-4ECC-8DEF-2F8D01EE1F85}.AppStore|iPhone.Deploy.0 = Release|x86
		{13CDCA61-3B2F-4ECC-8DEF-2F8D01EE1F85}.AppStore|iPhoneSimulator.ActiveCfg = Release|x86
		{13CDCA61-3B2F-4ECC-8DEF-2F8D01EE1F85}.AppStore|iPhoneSimulator.Build.0 = Release|x86
		{13CDCA61-3B2F-4ECC-8DEF-2F8D01EE1F85}.AppStore|iPhoneSimulator.Deploy.0 = Release|x86
		{13CDCA61-3B2F-4ECC-8DEF-2F8D01EE1F85}.AppStore|x64.ActiveCfg = Release|x64
		{13CDCA61-3B2F-4ECC-8DEF-2F8D01EE1F85}.AppStore|x64.Build.0 = Release|x64
		{13CDCA61-3B2F-4ECC-8DEF-2F8D01EE1F85}.AppStore|x64.Deploy.0 = Release|x64
		{13CDCA61-3B2F-4ECC-8DEF-2F8D01EE1F85}.AppStore|x86.ActiveCfg = Release|x86
		{13CDCA61-3B2F-4ECC-8DEF-2F8D01EE1F85}.AppStore|x86.Build.0 = Release|x86
		{13CDCA61-3B2F-4ECC-8DEF-2F8D01EE1F85}.AppStore|x86.Deploy.0 = Release|x86
		{13CDCA61-3B2F-4ECC-8DEF-2F8D01EE1F85}.Debug|Any CPU.ActiveCfg = Debug|x86
		{13CDCA61-3B2F-4ECC-8DEF-2F8D01EE1F85}.Debug|ARM.ActiveCfg = Debug|ARM
		{13CDCA61-3B2F-4ECC-8DEF-2F8D01EE1F85}.Debug|ARM.Build.0 = Debug|ARM
		{13CDCA61-3B2F-4ECC-8DEF-2F8D01EE1F85}.Debug|ARM.Deploy.0 = Debug|ARM
		{13CDCA61-3B2F-4ECC-8DEF-2F8D01EE1F85}.Debug|iPhone.ActiveCfg = Debug|x86
		{13CDCA61-3B2F-4ECC-8DEF-2F8D01EE1F85}.Debug|iPhoneSimulator.ActiveCfg = Debug|x86
		{13CDCA61-3B2F-4ECC-8DEF-2F8D01EE1F85}.Debug|x64.ActiveCfg = Debug|x64
		{13CDCA61-3B2F-4ECC-8DEF-2F8D01EE1F85}.Debug|x64.Build.0 = Debug|x64
		{13CDCA61-3B2F-4ECC-8DEF-2F8D01EE1F85}.Debug|x64.Deploy.0 = Debug|x64
		{13CDCA61-3B2F-4ECC-8DEF-2F8D01EE1F85}.Debug|x86.ActiveCfg = Debug|x86
		{13CDCA61-3B2F-4ECC-8DEF-2F8D01EE1F85}.Debug|x86.Build.0 = Debug|x86
		{13CDCA61-3B2F-4ECC-8DEF-2F8D01EE1F85}.Debug|x86.Deploy.0 = Debug|x86
		{13CDCA61-3B2F-4ECC-8DEF-2F8D01EE1F85}.Release|Any CPU.ActiveCfg = Release|x86
		{13CDCA61-3B2F-4ECC-8DEF-2F8D01EE1F85}.Release|ARM.ActiveCfg = Release|ARM
		{13CDCA61-3B2F-4ECC-8DEF-2F8D01EE1F85}.Release|ARM.Build.0 = Release|ARM
		{13CDCA61-3B2F-4ECC-8DEF-2F8D01EE1F85}.Release|ARM.Deploy.0 = Release|ARM
		{13CDCA61-3B2F-4ECC-8DEF-2F8D01EE1F85}.Release|iPhone.ActiveCfg = Release|x86
		{13CDCA61-3B2F-4ECC-8DEF-2F8D01EE1F85}.Release|iPhoneSimulator.ActiveCfg = Release|x86
		{13CDCA61-3B2F-4ECC-8DEF-2F8D01EE1F85}.Release|x64.ActiveCfg = Release|x64
		{13CDCA61-3B2F-4ECC-8DEF-2F8D01EE1F85}.Release|x64.Build.0 = Release|x64
		{13CDCA61-3B2F-4ECC-8DEF-2F8D01EE1F85}.Release|x64.Deploy.0 = Release|x64
		{13CDCA61-3B2F-4ECC-8DEF-2F8D01EE1F85}.Release|x86.ActiveCfg = Release|x86
		{13CDCA61-3B2F-4ECC-8DEF-2F8D01EE1F85}.Release|x86.Build.0 = Release|x86
		{13CDCA61-3B2F-4ECC-8DEF-2F8D01EE1F85}.Release|x86.Deploy.0 = Release|x86
		{0F15B0DB-84EE-441F-AC14-64843563B94D}.Ad-Hoc|Any CPU.ActiveCfg = Debug|Any CPU
		{0F15B0DB-84EE-441F-AC14-64843563B94D}.Ad-Hoc|Any CPU.Build.0 = Debug|Any CPU
		{0F15B0DB-84EE-441F-AC14-64843563B94D}.Ad-Hoc|ARM.ActiveCfg = Debug|Any CPU
		{0F15B0DB-84EE-441F-AC14-64843563B94D}.Ad-Hoc|ARM.Build.0 = Debug|Any CPU
		{0F15B0DB-84EE-441F-AC14-64843563B94D}.Ad-Hoc|iPhone.ActiveCfg = Debug|Any CPU
		{0F15B0DB-84EE-441F-AC14-64843563B94D}.Ad-Hoc|iPhone.Build.0 = Debug|Any CPU
		{0F15B0DB-84EE-441F-AC14-64843563B94D}.Ad-Hoc|iPhoneSimulator.ActiveCfg = Debug|Any CPU
		{0F15B0DB-84EE-441F-AC14-64843563B94D}.Ad-Hoc|iPhoneSimulator.Build.0 = Debug|Any CPU
		{0F15B0DB-84EE-441F-AC14-64843563B94D}.Ad-Hoc|x64.ActiveCfg = Debug|Any CPU
		{0F15B0DB-84EE-441F-AC14-64843563B94D}.Ad-Hoc|x64.Build.0 = Debug|Any CPU
		{0F15B0DB-84EE-441F-AC14-64843563B94D}.Ad-Hoc|x86.ActiveCfg = Debug|Any CPU
		{0F15B0DB-84EE-441F-AC14-64843563B94D}.Ad-Hoc|x86.Build.0 = Debug|Any CPU
		{0F15B0DB-84EE-441F-AC14-64843563B94D}.AppStore|Any CPU.ActiveCfg = Debug|Any CPU
		{0F15B0DB-84EE-441F-AC14-64843563B94D}.AppStore|Any CPU.Build.0 = Debug|Any CPU
		{0F15B0DB-84EE-441F-AC14-64843563B94D}.AppStore|ARM.ActiveCfg = Debug|Any CPU
		{0F15B0DB-84EE-441F-AC14-64843563B94D}.AppStore|ARM.Build.0 = Debug|Any CPU
		{0F15B0DB-84EE-441F-AC14-64843563B94D}.AppStore|iPhone.ActiveCfg = Debug|Any CPU
		{0F15B0DB-84EE-441F-AC14-64843563B94D}.AppStore|iPhone.Build.0 = Debug|Any CPU
		{0F15B0DB-84EE-441F-AC14-64843563B94D}.AppStore|iPhoneSimulator.ActiveCfg = Debug|Any CPU
		{0F15B0DB-84EE-441F-AC14-64843563B94D}.AppStore|iPhoneSimulator.Build.0 = Debug|Any CPU
		{0F15B0DB-84EE-441F-AC14-64843563B94D}.AppStore|x64.ActiveCfg = Debug|Any CPU
		{0F15B0DB-84EE-441F-AC14-64843563B94D}.AppStore|x64.Build.0 = Debug|Any CPU
		{0F15B0DB-84EE-441F-AC14-64843563B94D}.AppStore|x86.ActiveCfg = Debug|Any CPU
		{0F15B0DB-84EE-441F-AC14-64843563B94D}.AppStore|x86.Build.0 = Debug|Any CPU
		{0F15B0DB-84EE-441F-AC14-64843563B94D}.Debug|Any CPU.ActiveCfg = Debug|Any CPU
		{0F15B0DB-84EE-441F-AC14-64843563B94D}.Debug|Any CPU.Build.0 = Debug|Any CPU
		{0F15B0DB-84EE-441F-AC14-64843563B94D}.Debug|ARM.ActiveCfg = Debug|Any CPU
		{0F15B0DB-84EE-441F-AC14-64843563B94D}.Debug|ARM.Build.0 = Debug|Any CPU
		{0F15B0DB-84EE-441F-AC14-64843563B94D}.Debug|iPhone.ActiveCfg = Debug|Any CPU
		{0F15B0DB-84EE-441F-AC14-64843563B94D}.Debug|iPhone.Build.0 = Debug|Any CPU
		{0F15B0DB-84EE-441F-AC14-64843563B94D}.Debug|iPhoneSimulator.ActiveCfg = Debug|Any CPU
		{0F15B0DB-84EE-441F-AC14-64843563B94D}.Debug|iPhoneSimulator.Build.0 = Debug|Any CPU
		{0F15B0DB-84EE-441F-AC14-64843563B94D}.Debug|x64.ActiveCfg = Debug|Any CPU
		{0F15B0DB-84EE-441F-AC14-64843563B94D}.Debug|x64.Build.0 = Debug|Any CPU
		{0F15B0DB-84EE-441F-AC14-64843563B94D}.Debug|x86.ActiveCfg = Debug|Any CPU
		{0F15B0DB-84EE-441F-AC14-64843563B94D}.Debug|x86.Build.0 = Debug|Any CPU
		{0F15B0DB-84EE-441F-AC14-64843563B94D}.Release|Any CPU.ActiveCfg = Release|Any CPU
		{0F15B0DB-84EE-441F-AC14-64843563B94D}.Release|Any CPU.Build.0 = Release|Any CPU
		{0F15B0DB-84EE-441F-AC14-64843563B94D}.Release|ARM.ActiveCfg = Release|Any CPU
		{0F15B0DB-84EE-441F-AC14-64843563B94D}.Release|ARM.Build.0 = Release|Any CPU
		{0F15B0DB-84EE-441F-AC14-64843563B94D}.Release|iPhone.ActiveCfg = Release|Any CPU
		{0F15B0DB-84EE-441F-AC14-64843563B94D}.Release|iPhone.Build.0 = Release|Any CPU
		{0F15B0DB-84EE-441F-AC14-64843563B94D}.Release|iPhoneSimulator.ActiveCfg = Release|Any CPU
		{0F15B0DB-84EE-441F-AC14-64843563B94D}.Release|iPhoneSimulator.Build.0 = Release|Any CPU
		{0F15B0DB-84EE-441F-AC14-64843563B94D}.Release|x64.ActiveCfg = Release|Any CPU
		{0F15B0DB-84EE-441F-AC14-64843563B94D}.Release|x64.Build.0 = Release|Any CPU
		{0F15B0DB-84EE-441F-AC14-64843563B94D}.Release|x86.ActiveCfg = Release|Any CPU
		{0F15B0DB-84EE-441F-AC14-64843563B94D}.Release|x86.Build.0 = Release|Any CPU
	EndGlobalSection
	GlobalSection(SolutionProperties) = preSolution
		HideSolutionNode = FALSE
	EndGlobalSection
	GlobalSection(NestedProjects) = preSolution
		{A44B43CD-8998-4ACB-8C07-1597407F52CD} = {B991CCD8-29D6-4C38-9939-38917600769C}
		{DFE0471D-417B-421A-8CAE-EB8F4C756397} = {B991CCD8-29D6-4C38-9939-38917600769C}
		{47BD35DB-1AC2-4283-B172-C99E7F524A52} = {B991CCD8-29D6-4C38-9939-38917600769C}
		{13A6B265-8E03-43AC-A8E0-CC33A4B3B5A4} = {DFE0471D-417B-421A-8CAE-EB8F4C756397}
		{7D33B97B-8D10-40C2-983D-2670EB2DD868} = {DFE0471D-417B-421A-8CAE-EB8F4C756397}
		{13CDCA61-3B2F-4ECC-8DEF-2F8D01EE1F85} = {DFE0471D-417B-421A-8CAE-EB8F4C756397}
		{0F15B0DB-84EE-441F-AC14-64843563B94D} = {DFE0471D-417B-421A-8CAE-EB8F4C756397}
	EndGlobalSection
	GlobalSection(ExtensibilityGlobals) = postSolution
		SolutionGuid = {EC2D3A54-BE34-488A-BC48-D3F2153B1519}
	EndGlobalSection
EndGlobal
