
Microsoft Visual Studio Solution File, Format Version 12.00
# Visual Studio 15
VisualStudioVersion = 15.0.28307.136
MinimumVisualStudioVersion = 10.0.40219.1
Project("{FAE04EC0-301F-11D3-BF4B-00C04F79EFBC}") = "OnymousMobile.Android", "OnymousMobile\OnymousMobile.Android\OnymousMobile.Android.csproj", "{31B0A4FE-36E4-4144-9CE7-B0BF098157B5}"
EndProject
Project("{FAE04EC0-301F-11D3-BF4B-00C04F79EFBC}") = "OnymousMobile.iOS", "OnymousMobile\OnymousMobile.iOS\OnymousMobile.iOS.csproj", "{75122C7A-8811-42C6-AB39-572B21773588}"
EndProject
Project("{FAE04EC0-301F-11D3-BF4B-00C04F79EFBC}") = "OnymousMobile.UWP", "OnymousMobile\OnymousMobile.UWP\OnymousMobile.UWP.csproj", "{7204F1F9-A521-47C2-B360-2B674BEB43CF}"
EndProject
Project("{9A19103F-16F7-4668-BE54-9A1E7A4F7556}") = "OnymousMobile", "OnymousMobile\OnymousMobile\OnymousMobile.csproj", "{B7F09D0B-E8BD-4752-B9F3-48232F38FB4B}"
EndProject
Project("{2150E333-8FDC-42A3-9474-1A3956D46DE8}") = "01-Presentation", "01-Presentation", "{C1762738-5423-41BD-B24D-7683BB57DC22}"
EndProject
Project("{2150E333-8FDC-42A3-9474-1A3956D46DE8}") = "02-Aplication", "02-Aplication", "{35B22069-A21A-44AF-BBEC-22B627C37C42}"
EndProject
Project("{2150E333-8FDC-42A3-9474-1A3956D46DE8}") = "03-Service", "03-Service", "{FC9FD60E-C7D8-4FC0-8AE9-F9EBF296727F}"
EndProject
Project("{2150E333-8FDC-42A3-9474-1A3956D46DE8}") = "04-Domain", "04-Domain", "{2F6FE725-737B-4D40-81B0-96226EC76ABD}"
EndProject
Project("{2150E333-8FDC-42A3-9474-1A3956D46DE8}") = "05-Infrastructure", "05-Infrastructure", "{423D9887-D95E-46D7-B652-0D188BA7CC4A}"
EndProject
Project("{2150E333-8FDC-42A3-9474-1A3956D46DE8}") = "Web", "Web", "{77F91356-7CFE-4526-A2AD-FB96ECEE5E6F}"
EndProject
Project("{2150E333-8FDC-42A3-9474-1A3956D46DE8}") = "Mobile", "Mobile", "{6DCFD06F-03C8-4B8D-9413-12150545821A}"
EndProject
Global
	GlobalSection(SolutionConfigurationPlatforms) = preSolution
		Ad-Hoc|Any CPU = Ad-Hoc|Any CPU
		Ad-Hoc|ARM = Ad-Hoc|ARM
		Ad-Hoc|iPhone = Ad-Hoc|iPhone
		Ad-Hoc|iPhoneSimulator = Ad-Hoc|iPhoneSimulator
		Ad-Hoc|x64 = Ad-Hoc|x64
		Ad-Hoc|x86 = Ad-Hoc|x86
		AppStore|Any CPU = AppStore|Any CPU
		AppStore|ARM = AppStore|ARM
		AppStore|iPhone = AppStore|iPhone
		AppStore|iPhoneSimulator = AppStore|iPhoneSimulator
		AppStore|x64 = AppStore|x64
		AppStore|x86 = AppStore|x86
		Debug|Any CPU = Debug|Any CPU
		Debug|ARM = Debug|ARM
		Debug|iPhone = Debug|iPhone
		Debug|iPhoneSimulator = Debug|iPhoneSimulator
		Debug|x64 = Debug|x64
		Debug|x86 = Debug|x86
		Release|Any CPU = Release|Any CPU
		Release|ARM = Release|ARM
		Release|iPhone = Release|iPhone
		Release|iPhoneSimulator = Release|iPhoneSimulator
		Release|x64 = Release|x64
		Release|x86 = Release|x86
	EndGlobalSection
	GlobalSection(ProjectConfigurationPlatforms) = postSolution
		{31B0A4FE-36E4-4144-9CE7-B0BF098157B5}.Ad-Hoc|Any CPU.ActiveCfg = Release|Any CPU
		{31B0A4FE-36E4-4144-9CE7-B0BF098157B5}.Ad-Hoc|Any CPU.Build.0 = Release|Any CPU
		{31B0A4FE-36E4-4144-9CE7-B0BF098157B5}.Ad-Hoc|Any CPU.Deploy.0 = Release|Any CPU
		{31B0A4FE-36E4-4144-9CE7-B0BF098157B5}.Ad-Hoc|ARM.ActiveCfg = Release|Any CPU
		{31B0A4FE-36E4-4144-9CE7-B0BF098157B5}.Ad-Hoc|ARM.Build.0 = Release|Any CPU
		{31B0A4FE-36E4-4144-9CE7-B0BF098157B5}.Ad-Hoc|ARM.Deploy.0 = Release|Any CPU
		{31B0A4FE-36E4-4144-9CE7-B0BF098157B5}.Ad-Hoc|iPhone.ActiveCfg = Release|Any CPU
		{31B0A4FE-36E4-4144-9CE7-B0BF098157B5}.Ad-Hoc|iPhone.Build.0 = Release|Any CPU
		{31B0A4FE-36E4-4144-9CE7-B0BF098157B5}.Ad-Hoc|iPhone.Deploy.0 = Release|Any CPU
		{31B0A4FE-36E4-4144-9CE7-B0BF098157B5}.Ad-Hoc|iPhoneSimulator.ActiveCfg = Release|Any CPU
		{31B0A4FE-36E4-4144-9CE7-B0BF098157B5}.Ad-Hoc|iPhoneSimulator.Build.0 = Release|Any CPU
		{31B0A4FE-36E4-4144-9CE7-B0BF098157B5}.Ad-Hoc|iPhoneSimulator.Deploy.0 = Release|Any CPU
		{31B0A4FE-36E4-4144-9CE7-B0BF098157B5}.Ad-Hoc|x64.ActiveCfg = Release|Any CPU
		{31B0A4FE-36E4-4144-9CE7-B0BF098157B5}.Ad-Hoc|x64.Build.0 = Release|Any CPU
		{31B0A4FE-36E4-4144-9CE7-B0BF098157B5}.Ad-Hoc|x64.Deploy.0 = Release|Any CPU
		{31B0A4FE-36E4-4144-9CE7-B0BF098157B5}.Ad-Hoc|x86.ActiveCfg = Release|Any CPU
		{31B0A4FE-36E4-4144-9CE7-B0BF098157B5}.Ad-Hoc|x86.Build.0 = Release|Any CPU
		{31B0A4FE-36E4-4144-9CE7-B0BF098157B5}.Ad-Hoc|x86.Deploy.0 = Release|Any CPU
		{31B0A4FE-36E4-4144-9CE7-B0BF098157B5}.AppStore|Any CPU.ActiveCfg = Release|Any CPU
		{31B0A4FE-36E4-4144-9CE7-B0BF098157B5}.AppStore|Any CPU.Build.0 = Release|Any CPU
		{31B0A4FE-36E4-4144-9CE7-B0BF098157B5}.AppStore|Any CPU.Deploy.0 = Release|Any CPU
		{31B0A4FE-36E4-4144-9CE7-B0BF098157B5}.AppStore|ARM.ActiveCfg = Release|Any CPU
		{31B0A4FE-36E4-4144-9CE7-B0BF098157B5}.AppStore|ARM.Build.0 = Release|Any CPU
		{31B0A4FE-36E4-4144-9CE7-B0BF098157B5}.AppStore|ARM.Deploy.0 = Release|Any CPU
		{31B0A4FE-36E4-4144-9CE7-B0BF098157B5}.AppStore|iPhone.ActiveCfg = Release|Any CPU
		{31B0A4FE-36E4-4144-9CE7-B0BF098157B5}.AppStore|iPhone.Build.0 = Release|Any CPU
		{31B0A4FE-36E4-4144-9CE7-B0BF098157B5}.AppStore|iPhone.Deploy.0 = Release|Any CPU
		{31B0A4FE-36E4-4144-9CE7-B0BF098157B5}.AppStore|iPhoneSimulator.ActiveCfg = Release|Any CPU
		{31B0A4FE-36E4-4144-9CE7-B0BF098157B5}.AppStore|iPhoneSimulator.Build.0 = Release|Any CPU
		{31B0A4FE-36E4-4144-9CE7-B0BF098157B5}.AppStore|iPhoneSimulator.Deploy.0 = Release|Any CPU
		{31B0A4FE-36E4-4144-9CE7-B0BF098157B5}.AppStore|x64.ActiveCfg = Release|Any CPU
		{31B0A4FE-36E4-4144-9CE7-B0BF098157B5}.AppStore|x64.Build.0 = Release|Any CPU
		{31B0A4FE-36E4-4144-9CE7-B0BF098157B5}.AppStore|x64.Deploy.0 = Release|Any CPU
		{31B0A4FE-36E4-4144-9CE7-B0BF098157B5}.AppStore|x86.ActiveCfg = Release|Any CPU
		{31B0A4FE-36E4-4144-9CE7-B0BF098157B5}.AppStore|x86.Build.0 = Release|Any CPU
		{31B0A4FE-36E4-4144-9CE7-B0BF098157B5}.AppStore|x86.Deploy.0 = Release|Any CPU
		{31B0A4FE-36E4-4144-9CE7-B0BF098157B5}.Debug|Any CPU.ActiveCfg = Debug|Any CPU
		{31B0A4FE-36E4-4144-9CE7-B0BF098157B5}.Debug|Any CPU.Build.0 = Debug|Any CPU
		{31B0A4FE-36E4-4144-9CE7-B0BF098157B5}.Debug|Any CPU.Deploy.0 = Debug|Any CPU
		{31B0A4FE-36E4-4144-9CE7-B0BF098157B5}.Debug|ARM.ActiveCfg = Debug|Any CPU
		{31B0A4FE-36E4-4144-9CE7-B0BF098157B5}.Debug|ARM.Build.0 = Debug|Any CPU
		{31B0A4FE-36E4-4144-9CE7-B0BF098157B5}.Debug|ARM.Deploy.0 = Debug|Any CPU
		{31B0A4FE-36E4-4144-9CE7-B0BF098157B5}.Debug|iPhone.ActiveCfg = Debug|Any CPU
		{31B0A4FE-36E4-4144-9CE7-B0BF098157B5}.Debug|iPhone.Build.0 = Debug|Any CPU
		{31B0A4FE-36E4-4144-9CE7-B0BF098157B5}.Debug|iPhone.Deploy.0 = Debug|Any CPU
		{31B0A4FE-36E4-4144-9CE7-B0BF098157B5}.Debug|iPhoneSimulator.ActiveCfg = Debug|Any CPU
		{31B0A4FE-36E4-4144-9CE7-B0BF098157B5}.Debug|iPhoneSimulator.Build.0 = Debug|Any CPU
		{31B0A4FE-36E4-4144-9CE7-B0BF098157B5}.Debug|iPhoneSimulator.Deploy.0 = Debug|Any CPU
		{31B0A4FE-36E4-4144-9CE7-B0BF098157B5}.Debug|x64.ActiveCfg = Debug|Any CPU
		{31B0A4FE-36E4-4144-9CE7-B0BF098157B5}.Debug|x64.Build.0 = Debug|Any CPU
		{31B0A4FE-36E4-4144-9CE7-B0BF098157B5}.Debug|x64.Deploy.0 = Debug|Any CPU
		{31B0A4FE-36E4-4144-9CE7-B0BF098157B5}.Debug|x86.ActiveCfg = Debug|Any CPU
		{31B0A4FE-36E4-4144-9CE7-B0BF098157B5}.Debug|x86.Build.0 = Debug|Any CPU
		{31B0A4FE-36E4-4144-9CE7-B0BF098157B5}.Debug|x86.Deploy.0 = Debug|Any CPU
		{31B0A4FE-36E4-4144-9CE7-B0BF098157B5}.Release|Any CPU.ActiveCfg = Release|Any CPU
		{31B0A4FE-36E4-4144-9CE7-B0BF098157B5}.Release|Any CPU.Build.0 = Release|Any CPU
		{31B0A4FE-36E4-4144-9CE7-B0BF098157B5}.Release|Any CPU.Deploy.0 = Release|Any CPU
		{31B0A4FE-36E4-4144-9CE7-B0BF098157B5}.Release|ARM.ActiveCfg = Release|Any CPU
		{31B0A4FE-36E4-4144-9CE7-B0BF098157B5}.Release|ARM.Build.0 = Release|Any CPU
		{31B0A4FE-36E4-4144-9CE7-B0BF098157B5}.Release|ARM.Deploy.0 = Release|Any CPU
		{31B0A4FE-36E4-4144-9CE7-B0BF098157B5}.Release|iPhone.ActiveCfg = Release|Any CPU
		{31B0A4FE-36E4-4144-9CE7-B0BF098157B5}.Release|iPhone.Build.0 = Release|Any CPU
		{31B0A4FE-36E4-4144-9CE7-B0BF098157B5}.Release|iPhone.Deploy.0 = Release|Any CPU
		{31B0A4FE-36E4-4144-9CE7-B0BF098157B5}.Release|iPhoneSimulator.ActiveCfg = Release|Any CPU
		{31B0A4FE-36E4-4144-9CE7-B0BF098157B5}.Release|iPhoneSimulator.Build.0 = Release|Any CPU
		{31B0A4FE-36E4-4144-9CE7-B0BF098157B5}.Release|iPhoneSimulator.Deploy.0 = Release|Any CPU
		{31B0A4FE-36E4-4144-9CE7-B0BF098157B5}.Release|x64.ActiveCfg = Release|Any CPU
		{31B0A4FE-36E4-4144-9CE7-B0BF098157B5}.Release|x64.Build.0 = Release|Any CPU
		{31B0A4FE-36E4-4144-9CE7-B0BF098157B5}.Release|x64.Deploy.0 = Release|Any CPU
		{31B0A4FE-36E4-4144-9CE7-B0BF098157B5}.Release|x86.ActiveCfg = Release|Any CPU
		{31B0A4FE-36E4-4144-9CE7-B0BF098157B5}.Release|x86.Build.0 = Release|Any CPU
		{31B0A4FE-36E4-4144-9CE7-B0BF098157B5}.Release|x86.Deploy.0 = Release|Any CPU
		{75122C7A-8811-42C6-AB39-572B21773588}.Ad-Hoc|Any CPU.ActiveCfg = Ad-Hoc|iPhone
		{75122C7A-8811-42C6-AB39-572B21773588}.Ad-Hoc|ARM.ActiveCfg = Ad-Hoc|iPhone
		{75122C7A-8811-42C6-AB39-572B21773588}.Ad-Hoc|iPhone.ActiveCfg = Ad-Hoc|iPhone
		{75122C7A-8811-42C6-AB39-572B21773588}.Ad-Hoc|iPhone.Build.0 = Ad-Hoc|iPhone
		{75122C7A-8811-42C6-AB39-572B21773588}.Ad-Hoc|iPhoneSimulator.ActiveCfg = Ad-Hoc|iPhoneSimulator
		{75122C7A-8811-42C6-AB39-572B21773588}.Ad-Hoc|iPhoneSimulator.Build.0 = Ad-Hoc|iPhoneSimulator
		{75122C7A-8811-42C6-AB39-572B21773588}.Ad-Hoc|x64.ActiveCfg = Ad-Hoc|iPhone
		{75122C7A-8811-42C6-AB39-572B21773588}.Ad-Hoc|x86.ActiveCfg = Ad-Hoc|iPhone
		{75122C7A-8811-42C6-AB39-572B21773588}.AppStore|Any CPU.ActiveCfg = AppStore|iPhone
		{75122C7A-8811-42C6-AB39-572B21773588}.AppStore|ARM.ActiveCfg = AppStore|iPhone
		{75122C7A-8811-42C6-AB39-572B21773588}.AppStore|iPhone.ActiveCfg = AppStore|iPhone
		{75122C7A-8811-42C6-AB39-572B21773588}.AppStore|iPhone.Build.0 = AppStore|iPhone
		{75122C7A-8811-42C6-AB39-572B21773588}.AppStore|iPhoneSimulator.ActiveCfg = AppStore|iPhoneSimulator
		{75122C7A-8811-42C6-AB39-572B21773588}.AppStore|iPhoneSimulator.Build.0 = AppStore|iPhoneSimulator
		{75122C7A-8811-42C6-AB39-572B21773588}.AppStore|x64.ActiveCfg = AppStore|iPhone
		{75122C7A-8811-42C6-AB39-572B21773588}.AppStore|x86.ActiveCfg = AppStore|iPhone
		{75122C7A-8811-42C6-AB39-572B21773588}.Debug|Any CPU.ActiveCfg = Debug|iPhone
		{75122C7A-8811-42C6-AB39-572B21773588}.Debug|ARM.ActiveCfg = Debug|iPhone
		{75122C7A-8811-42C6-AB39-572B21773588}.Debug|iPhone.ActiveCfg = Debug|iPhone
		{75122C7A-8811-42C6-AB39-572B21773588}.Debug|iPhone.Build.0 = Debug|iPhone
		{75122C7A-8811-42C6-AB39-572B21773588}.Debug|iPhoneSimulator.ActiveCfg = Debug|iPhoneSimulator
		{75122C7A-8811-42C6-AB39-572B21773588}.Debug|iPhoneSimulator.Build.0 = Debug|iPhoneSimulator
		{75122C7A-8811-42C6-AB39-572B21773588}.Debug|x64.ActiveCfg = Debug|iPhone
		{75122C7A-8811-42C6-AB39-572B21773588}.Debug|x86.ActiveCfg = Debug|iPhone
		{75122C7A-8811-42C6-AB39-572B21773588}.Release|Any CPU.ActiveCfg = Release|iPhone
		{75122C7A-8811-42C6-AB39-572B21773588}.Release|ARM.ActiveCfg = Release|iPhone
		{75122C7A-8811-42C6-AB39-572B21773588}.Release|iPhone.ActiveCfg = Release|iPhone
		{75122C7A-8811-42C6-AB39-572B21773588}.Release|iPhone.Build.0 = Release|iPhone
		{75122C7A-8811-42C6-AB39-572B21773588}.Release|iPhoneSimulator.ActiveCfg = Release|iPhoneSimulator
		{75122C7A-8811-42C6-AB39-572B21773588}.Release|iPhoneSimulator.Build.0 = Release|iPhoneSimulator
		{75122C7A-8811-42C6-AB39-572B21773588}.Release|x64.ActiveCfg = Release|iPhone
		{75122C7A-8811-42C6-AB39-572B21773588}.Release|x86.ActiveCfg = Release|iPhone
		{7204F1F9-A521-47C2-B360-2B674BEB43CF}.Ad-Hoc|Any CPU.ActiveCfg = Release|x86
		{7204F1F9-A521-47C2-B360-2B674BEB43CF}.Ad-Hoc|Any CPU.Build.0 = Release|x86
		{7204F1F9-A521-47C2-B360-2B674BEB43CF}.Ad-Hoc|Any CPU.Deploy.0 = Release|x86
		{7204F1F9-A521-47C2-B360-2B674BEB43CF}.Ad-Hoc|ARM.ActiveCfg = Release|ARM
		{7204F1F9-A521-47C2-B360-2B674BEB43CF}.Ad-Hoc|ARM.Build.0 = Release|ARM
		{7204F1F9-A521-47C2-B360-2B674BEB43CF}.Ad-Hoc|ARM.Deploy.0 = Release|ARM
		{7204F1F9-A521-47C2-B360-2B674BEB43CF}.Ad-Hoc|iPhone.ActiveCfg = Release|x86
		{7204F1F9-A521-47C2-B360-2B674BEB43CF}.Ad-Hoc|iPhone.Build.0 = Release|x86
		{7204F1F9-A521-47C2-B360-2B674BEB43CF}.Ad-Hoc|iPhone.Deploy.0 = Release|x86
		{7204F1F9-A521-47C2-B360-2B674BEB43CF}.Ad-Hoc|iPhoneSimulator.ActiveCfg = Release|x86
		{7204F1F9-A521-47C2-B360-2B674BEB43CF}.Ad-Hoc|iPhoneSimulator.Build.0 = Release|x86
		{7204F1F9-A521-47C2-B360-2B674BEB43CF}.Ad-Hoc|iPhoneSimulator.Deploy.0 = Release|x86
		{7204F1F9-A521-47C2-B360-2B674BEB43CF}.Ad-Hoc|x64.ActiveCfg = Release|x64
		{7204F1F9-A521-47C2-B360-2B674BEB43CF}.Ad-Hoc|x64.Build.0 = Release|x64
		{7204F1F9-A521-47C2-B360-2B674BEB43CF}.Ad-Hoc|x64.Deploy.0 = Release|x64
		{7204F1F9-A521-47C2-B360-2B674BEB43CF}.Ad-Hoc|x86.ActiveCfg = Release|x86
		{7204F1F9-A521-47C2-B360-2B674BEB43CF}.Ad-Hoc|x86.Build.0 = Release|x86
		{7204F1F9-A521-47C2-B360-2B674BEB43CF}.Ad-Hoc|x86.Deploy.0 = Release|x86
		{7204F1F9-A521-47C2-B360-2B674BEB43CF}.AppStore|Any CPU.ActiveCfg = Release|x86
		{7204F1F9-A521-47C2-B360-2B674BEB43CF}.AppStore|Any CPU.Build.0 = Release|x86
		{7204F1F9-A521-47C2-B360-2B674BEB43CF}.AppStore|Any CPU.Deploy.0 = Release|x86
		{7204F1F9-A521-47C2-B360-2B674BEB43CF}.AppStore|ARM.ActiveCfg = Release|ARM
		{7204F1F9-A521-47C2-B360-2B674BEB43CF}.AppStore|ARM.Build.0 = Release|ARM
		{7204F1F9-A521-47C2-B360-2B674BEB43CF}.AppStore|ARM.Deploy.0 = Release|ARM
		{7204F1F9-A521-47C2-B360-2B674BEB43CF}.AppStore|iPhone.ActiveCfg = Release|x86
		{7204F1F9-A521-47C2-B360-2B674BEB43CF}.AppStore|iPhone.Build.0 = Release|x86
		{7204F1F9-A521-47C2-B360-2B674BEB43CF}.AppStore|iPhone.Deploy.0 = Release|x86
		{7204F1F9-A521-47C2-B360-2B674BEB43CF}.AppStore|iPhoneSimulator.ActiveCfg = Release|x86
		{7204F1F9-A521-47C2-B360-2B674BEB43CF}.AppStore|iPhoneSimulator.Build.0 = Release|x86
		{7204F1F9-A521-47C2-B360-2B674BEB43CF}.AppStore|iPhoneSimulator.Deploy.0 = Release|x86
		{7204F1F9-A521-47C2-B360-2B674BEB43CF}.AppStore|x64.ActiveCfg = Release|x64
		{7204F1F9-A521-47C2-B360-2B674BEB43CF}.AppStore|x64.Build.0 = Release|x64
		{7204F1F9-A521-47C2-B360-2B674BEB43CF}.AppStore|x64.Deploy.0 = Release|x64
		{7204F1F9-A521-47C2-B360-2B674BEB43CF}.AppStore|x86.ActiveCfg = Release|x86
		{7204F1F9-A521-47C2-B360-2B674BEB43CF}.AppStore|x86.Build.0 = Release|x86
		{7204F1F9-A521-47C2-B360-2B674BEB43CF}.AppStore|x86.Deploy.0 = Release|x86
		{7204F1F9-A521-47C2-B360-2B674BEB43CF}.Debug|Any CPU.ActiveCfg = Debug|x86
		{7204F1F9-A521-47C2-B360-2B674BEB43CF}.Debug|ARM.ActiveCfg = Debug|ARM
		{7204F1F9-A521-47C2-B360-2B674BEB43CF}.Debug|ARM.Build.0 = Debug|ARM
		{7204F1F9-A521-47C2-B360-2B674BEB43CF}.Debug|ARM.Deploy.0 = Debug|ARM
		{7204F1F9-A521-47C2-B360-2B674BEB43CF}.Debug|iPhone.ActiveCfg = Debug|x86
		{7204F1F9-A521-47C2-B360-2B674BEB43CF}.Debug|iPhoneSimulator.ActiveCfg = Debug|x86
		{7204F1F9-A521-47C2-B360-2B674BEB43CF}.Debug|x64.ActiveCfg = Debug|x64
		{7204F1F9-A521-47C2-B360-2B674BEB43CF}.Debug|x64.Build.0 = Debug|x64
		{7204F1F9-A521-47C2-B360-2B674BEB43CF}.Debug|x64.Deploy.0 = Debug|x64
		{7204F1F9-A521-47C2-B360-2B674BEB43CF}.Debug|x86.ActiveCfg = Debug|x86
		{7204F1F9-A521-47C2-B360-2B674BEB43CF}.Debug|x86.Build.0 = Debug|x86
		{7204F1F9-A521-47C2-B360-2B674BEB43CF}.Debug|x86.Deploy.0 = Debug|x86
		{7204F1F9-A521-47C2-B360-2B674BEB43CF}.Release|Any CPU.ActiveCfg = Release|x86
		{7204F1F9-A521-47C2-B360-2B674BEB43CF}.Release|ARM.ActiveCfg = Release|ARM
		{7204F1F9-A521-47C2-B360-2B674BEB43CF}.Release|ARM.Build.0 = Release|ARM
		{7204F1F9-A521-47C2-B360-2B674BEB43CF}.Release|ARM.Deploy.0 = Release|ARM
		{7204F1F9-A521-47C2-B360-2B674BEB43CF}.Release|iPhone.ActiveCfg = Release|x86
		{7204F1F9-A521-47C2-B360-2B674BEB43CF}.Release|iPhoneSimulator.ActiveCfg = Release|x86
		{7204F1F9-A521-47C2-B360-2B674BEB43CF}.Release|x64.ActiveCfg = Release|x64
		{7204F1F9-A521-47C2-B360-2B674BEB43CF}.Release|x64.Build.0 = Release|x64
		{7204F1F9-A521-47C2-B360-2B674BEB43CF}.Release|x64.Deploy.0 = Release|x64
		{7204F1F9-A521-47C2-B360-2B674BEB43CF}.Release|x86.ActiveCfg = Release|x86
		{7204F1F9-A521-47C2-B360-2B674BEB43CF}.Release|x86.Build.0 = Release|x86
		{7204F1F9-A521-47C2-B360-2B674BEB43CF}.Release|x86.Deploy.0 = Release|x86
		{B7F09D0B-E8BD-4752-B9F3-48232F38FB4B}.Ad-Hoc|Any CPU.ActiveCfg = Debug|Any CPU
		{B7F09D0B-E8BD-4752-B9F3-48232F38FB4B}.Ad-Hoc|Any CPU.Build.0 = Debug|Any CPU
		{B7F09D0B-E8BD-4752-B9F3-48232F38FB4B}.Ad-Hoc|ARM.ActiveCfg = Debug|Any CPU
		{B7F09D0B-E8BD-4752-B9F3-48232F38FB4B}.Ad-Hoc|ARM.Build.0 = Debug|Any CPU
		{B7F09D0B-E8BD-4752-B9F3-48232F38FB4B}.Ad-Hoc|iPhone.ActiveCfg = Debug|Any CPU
		{B7F09D0B-E8BD-4752-B9F3-48232F38FB4B}.Ad-Hoc|iPhone.Build.0 = Debug|Any CPU
		{B7F09D0B-E8BD-4752-B9F3-48232F38FB4B}.Ad-Hoc|iPhoneSimulator.ActiveCfg = Debug|Any CPU
		{B7F09D0B-E8BD-4752-B9F3-48232F38FB4B}.Ad-Hoc|iPhoneSimulator.Build.0 = Debug|Any CPU
		{B7F09D0B-E8BD-4752-B9F3-48232F38FB4B}.Ad-Hoc|x64.ActiveCfg = Debug|Any CPU
		{B7F09D0B-E8BD-4752-B9F3-48232F38FB4B}.Ad-Hoc|x64.Build.0 = Debug|Any CPU
		{B7F09D0B-E8BD-4752-B9F3-48232F38FB4B}.Ad-Hoc|x86.ActiveCfg = Debug|Any CPU
		{B7F09D0B-E8BD-4752-B9F3-48232F38FB4B}.Ad-Hoc|x86.Build.0 = Debug|Any CPU
		{B7F09D0B-E8BD-4752-B9F3-48232F38FB4B}.AppStore|Any CPU.ActiveCfg = Debug|Any CPU
		{B7F09D0B-E8BD-4752-B9F3-48232F38FB4B}.AppStore|Any CPU.Build.0 = Debug|Any CPU
		{B7F09D0B-E8BD-4752-B9F3-48232F38FB4B}.AppStore|ARM.ActiveCfg = Debug|Any CPU
		{B7F09D0B-E8BD-4752-B9F3-48232F38FB4B}.AppStore|ARM.Build.0 = Debug|Any CPU
		{B7F09D0B-E8BD-4752-B9F3-48232F38FB4B}.AppStore|iPhone.ActiveCfg = Debug|Any CPU
		{B7F09D0B-E8BD-4752-B9F3-48232F38FB4B}.AppStore|iPhone.Build.0 = Debug|Any CPU
		{B7F09D0B-E8BD-4752-B9F3-48232F38FB4B}.AppStore|iPhoneSimulator.ActiveCfg = Debug|Any CPU
		{B7F09D0B-E8BD-4752-B9F3-48232F38FB4B}.AppStore|iPhoneSimulator.Build.0 = Debug|Any CPU
		{B7F09D0B-E8BD-4752-B9F3-48232F38FB4B}.AppStore|x64.ActiveCfg = Debug|Any CPU
		{B7F09D0B-E8BD-4752-B9F3-48232F38FB4B}.AppStore|x64.Build.0 = Debug|Any CPU
		{B7F09D0B-E8BD-4752-B9F3-48232F38FB4B}.AppStore|x86.ActiveCfg = Debug|Any CPU
		{B7F09D0B-E8BD-4752-B9F3-48232F38FB4B}.AppStore|x86.Build.0 = Debug|Any CPU
		{B7F09D0B-E8BD-4752-B9F3-48232F38FB4B}.Debug|Any CPU.ActiveCfg = Debug|Any CPU
		{B7F09D0B-E8BD-4752-B9F3-48232F38FB4B}.Debug|Any CPU.Build.0 = Debug|Any CPU
		{B7F09D0B-E8BD-4752-B9F3-48232F38FB4B}.Debug|ARM.ActiveCfg = Debug|Any CPU
		{B7F09D0B-E8BD-4752-B9F3-48232F38FB4B}.Debug|ARM.Build.0 = Debug|Any CPU
		{B7F09D0B-E8BD-4752-B9F3-48232F38FB4B}.Debug|iPhone.ActiveCfg = Debug|Any CPU
		{B7F09D0B-E8BD-4752-B9F3-48232F38FB4B}.Debug|iPhone.Build.0 = Debug|Any CPU
		{B7F09D0B-E8BD-4752-B9F3-48232F38FB4B}.Debug|iPhoneSimulator.ActiveCfg = Debug|Any CPU
		{B7F09D0B-E8BD-4752-B9F3-48232F38FB4B}.Debug|iPhoneSimulator.Build.0 = Debug|Any CPU
		{B7F09D0B-E8BD-4752-B9F3-48232F38FB4B}.Debug|x64.ActiveCfg = Debug|Any CPU
		{B7F09D0B-E8BD-4752-B9F3-48232F38FB4B}.Debug|x64.Build.0 = Debug|Any CPU
		{B7F09D0B-E8BD-4752-B9F3-48232F38FB4B}.Debug|x86.ActiveCfg = Debug|Any CPU
		{B7F09D0B-E8BD-4752-B9F3-48232F38FB4B}.Debug|x86.Build.0 = Debug|Any CPU
		{B7F09D0B-E8BD-4752-B9F3-48232F38FB4B}.Release|Any CPU.ActiveCfg = Release|Any CPU
		{B7F09D0B-E8BD-4752-B9F3-48232F38FB4B}.Release|Any CPU.Build.0 = Release|Any CPU
		{B7F09D0B-E8BD-4752-B9F3-48232F38FB4B}.Release|ARM.ActiveCfg = Release|Any CPU
		{B7F09D0B-E8BD-4752-B9F3-48232F38FB4B}.Release|ARM.Build.0 = Release|Any CPU
		{B7F09D0B-E8BD-4752-B9F3-48232F38FB4B}.Release|iPhone.ActiveCfg = Release|Any CPU
		{B7F09D0B-E8BD-4752-B9F3-48232F38FB4B}.Release|iPhone.Build.0 = Release|Any CPU
		{B7F09D0B-E8BD-4752-B9F3-48232F38FB4B}.Release|iPhoneSimulator.ActiveCfg = Release|Any CPU
		{B7F09D0B-E8BD-4752-B9F3-48232F38FB4B}.Release|iPhoneSimulator.Build.0 = Release|Any CPU
		{B7F09D0B-E8BD-4752-B9F3-48232F38FB4B}.Release|x64.ActiveCfg = Release|Any CPU
		{B7F09D0B-E8BD-4752-B9F3-48232F38FB4B}.Release|x64.Build.0 = Release|Any CPU
		{B7F09D0B-E8BD-4752-B9F3-48232F38FB4B}.Release|x86.ActiveCfg = Release|Any CPU
		{B7F09D0B-E8BD-4752-B9F3-48232F38FB4B}.Release|x86.Build.0 = Release|Any CPU
	EndGlobalSection
	GlobalSection(SolutionProperties) = preSolution
		HideSolutionNode = FALSE
	EndGlobalSection
	GlobalSection(NestedProjects) = preSolution
		{31B0A4FE-36E4-4144-9CE7-B0BF098157B5} = {6DCFD06F-03C8-4B8D-9413-12150545821A}
		{75122C7A-8811-42C6-AB39-572B21773588} = {6DCFD06F-03C8-4B8D-9413-12150545821A}
		{7204F1F9-A521-47C2-B360-2B674BEB43CF} = {6DCFD06F-03C8-4B8D-9413-12150545821A}
		{B7F09D0B-E8BD-4752-B9F3-48232F38FB4B} = {6DCFD06F-03C8-4B8D-9413-12150545821A}
		{77F91356-7CFE-4526-A2AD-FB96ECEE5E6F} = {C1762738-5423-41BD-B24D-7683BB57DC22}
		{6DCFD06F-03C8-4B8D-9413-12150545821A} = {C1762738-5423-41BD-B24D-7683BB57DC22}
	EndGlobalSection
	GlobalSection(ExtensibilityGlobals) = postSolution
		SolutionGuid = {5A31E451-55B4-41DF-860D-0094F3C470ED}
	EndGlobalSection
EndGlobal
